
Microsoft Visual Studio Solution File, Format Version 12.00
# Visual Studio 15
VisualStudioVersion = 15.0.27428.2027
MinimumVisualStudioVersion = 10.0.40219.1
Project("{FAE04EC0-301F-11D3-BF4B-00C04F79EFBC}") = "ElonaCreator", "ElonaCreator\ElonaCreator.csproj", "{CF958C21-0978-4120-8483-08025E37680A}"
EndProject
Global
	GlobalSection(SolutionConfigurationPlatforms) = preSolution
		Debug|Any CPU = Debug|Any CPU
		Release|Any CPU = Release|Any CPU
	EndGlobalSection
	GlobalSection(ProjectConfigurationPlatforms) = postSolution
		{CF958C21-0978-4120-8483-08025E37680A}.Debug|Any CPU.ActiveCfg = Debug|Any CPU
		{CF958C21-0978-4120-8483-08025E37680A}.Debug|Any CPU.Build.0 = Debug|Any CPU
		{CF958C21-0978-4120-8483-08025E37680A}.Release|Any CPU.ActiveCfg = Release|Any CPU
		{CF958C21-0978-4120-8483-08025E37680A}.Release|Any CPU.Build.0 = Release|Any CPU
	EndGlobalSection
	GlobalSection(SolutionProperties) = preSolution
		HideSolutionNode = FALSE
	EndGlobalSection
	GlobalSection(ExtensibilityGlobals) = postSolution
		SolutionGuid = {DC31642F-3FB4-4C36-89EC-B9E9F3557D1B}
	EndGlobalSection
EndGlobal
